
Microsoft Visual Studio Solution File, Format Version 12.00
# Visual Studio Version 17
VisualStudioVersion = 17.5.33424.131
MinimumVisualStudioVersion = 10.0.40219.1
Project("{8BC9CEB8-8B4A-11D0-8D11-00A0C91BC942}") = "Exercise_2", "Exercise_2\Exercise_2.vcxproj", "{57C462B7-C16D-4E43-B8EE-9D1A831D2283}"
EndProject
Global
	GlobalSection(SolutionConfigurationPlatforms) = preSolution
		Debug|x64 = Debug|x64
		Debug|x86 = Debug|x86
		Release|x64 = Release|x64
		Release|x86 = Release|x86
	EndGlobalSection
	GlobalSection(ProjectConfigurationPlatforms) = postSolution
		{57C462B7-C16D-4E43-B8EE-9D1A831D2283}.Debug|x64.ActiveCfg = Debug|x64
		{57C462B7-C16D-4E43-B8EE-9D1A831D2283}.Debug|x64.Build.0 = Debug|x64
		{57C462B7-C16D-4E43-B8EE-9D1A831D2283}.Debug|x86.ActiveCfg = Debug|Win32
		{57C462B7-C16D-4E43-B8EE-9D1A831D2283}.Debug|x86.Build.0 = Debug|Win32
		{57C462B7-C16D-4E43-B8EE-9D1A831D2283}.Release|x64.ActiveCfg = Release|x64
		{57C462B7-C16D-4E43-B8EE-9D1A831D2283}.Release|x64.Build.0 = Release|x64
		{57C462B7-C16D-4E43-B8EE-9D1A831D2283}.Release|x86.ActiveCfg = Release|Win32
		{57C462B7-C16D-4E43-B8EE-9D1A831D2283}.Release|x86.Build.0 = Release|Win32
	EndGlobalSection
	GlobalSection(SolutionProperties) = preSolution
		HideSolutionNode = FALSE
	EndGlobalSection
	GlobalSection(ExtensibilityGlobals) = postSolution
		SolutionGuid = {99C75E8A-1C83-41BD-94CC-948DF5FEF203}
	EndGlobalSection
EndGlobal
